
Microsoft Visual Studio Solution File, Format Version 12.00
# Visual Studio Version 16
VisualStudioVersion = 16.0.29519.181
MinimumVisualStudioVersion = 10.0.40219.1
Project("{FAE04EC0-301F-11D3-BF4B-00C04F79EFBC}") = "PowiedzMiApi", "PowiedzMiApi\PowiedzMiApi.csproj", "{711568D5-50B7-4A73-89AD-431A9B28E206}"
EndProject
Project("{FAE04EC0-301F-11D3-BF4B-00C04F79EFBC}") = "PowiedzMiDataAccess", "PowiedzMiDataAccess\PowiedzMiDataAccess.csproj", "{1053A7A8-D5E8-4BA7-9AE9-FBD25F11DA72}"
EndProject
Global
	GlobalSection(SolutionConfigurationPlatforms) = preSolution
		Debug|Any CPU = Debug|Any CPU
		Release|Any CPU = Release|Any CPU
	EndGlobalSection
	GlobalSection(ProjectConfigurationPlatforms) = postSolution
		{711568D5-50B7-4A73-89AD-431A9B28E206}.Debug|Any CPU.ActiveCfg = Debug|Any CPU
		{711568D5-50B7-4A73-89AD-431A9B28E206}.Debug|Any CPU.Build.0 = Debug|Any CPU
		{711568D5-50B7-4A73-89AD-431A9B28E206}.Release|Any CPU.ActiveCfg = Release|Any CPU
		{711568D5-50B7-4A73-89AD-431A9B28E206}.Release|Any CPU.Build.0 = Release|Any CPU
		{1053A7A8-D5E8-4BA7-9AE9-FBD25F11DA72}.Debug|Any CPU.ActiveCfg = Debug|Any CPU
		{1053A7A8-D5E8-4BA7-9AE9-FBD25F11DA72}.Debug|Any CPU.Build.0 = Debug|Any CPU
		{1053A7A8-D5E8-4BA7-9AE9-FBD25F11DA72}.Release|Any CPU.ActiveCfg = Release|Any CPU
		{1053A7A8-D5E8-4BA7-9AE9-FBD25F11DA72}.Release|Any CPU.Build.0 = Release|Any CPU
	EndGlobalSection
	GlobalSection(SolutionProperties) = preSolution
		HideSolutionNode = FALSE
	EndGlobalSection
	GlobalSection(ExtensibilityGlobals) = postSolution
		SolutionGuid = {719F8136-57CC-40E0-9DE6-75E637C6007B}
	EndGlobalSection
EndGlobal
